<?xml version="1.0" encoding="utf-8"?>
<Project ToolsVersion="4.0" xmlns="http://schemas.microsoft.com/developer/msbuild/2003">
  <ItemGroup>
    <ClCompile Include="$(SourcesDirectory)cmdline.cpp">
      <Filter>src</Filter>
    </ClCompile>
    <ClCompile Include="$(SourcesDirectory)init.cpp">
      <Filter>src</Filter>
    </ClCompile>
    <ClCompile Include="$(SourcesDirectory)log.cpp">
      <Filter>src</Filter>
    </ClCompile>
    <ClCompile Include="$(SourcesDirectory)main.cpp">
      <Filter>src</Filter>
    </ClCompile>
    <ClCompile Include="$(SourcesDirectory)stdafx.cpp">
      <Filter>src</Filter>
    </ClCompile>
    <ClCompile Include="$(SourcesDirectory)win32.cpp">
      <Filter>src</Filter>
    </ClCompile>
    <ClCompile Include="$(SourcesDirectory)blocking_queue.cpp">
      <Filter>src</Filter>
    </ClCompile>
    <ClCompile Include="$(SourcesDirectory)test.cpp">
      <Filter>src</Filter>
    </ClCompile>
    <ClCompile Include="$(SourcesDirectory)udp_server.cpp">
      <Filter>src</Filter>
    </ClCompile>
    <ClCompile Include="$(SourcesDirectory)critsec.cpp">
      <Filter>src</Filter>
    </ClCompile>
    <ClCompile Include="$(SourcesDirectory)cthread.cpp">
      <Filter>src</Filter>
    </ClCompile>
  </ItemGroup>
  <ItemGroup>
    <ClInclude Include="$(SourcesDirectory)cmdline.h">
      <Filter>headers</Filter>
    </ClInclude>
    <ClInclude Include="$(SourcesDirectory)log.h">
      <Filter>headers</Filter>
    </ClInclude>
    <ClInclude Include="$(SourcesDirectory)macros.h">
      <Filter>headers</Filter>
    </ClInclude>
    <ClInclude Include="$(SourcesDirectory)nowarns.h">
      <Filter>headers</Filter>
    </ClInclude>
    <ClInclude Include="$(SourcesDirectory)stdafx.h">
      <Filter>headers</Filter>
    </ClInclude>
    <ClInclude Include="$(SourcesDirectory)targetver.h">
      <Filter>headers</Filter>
    </ClInclude>
    <ClInclude Include="$(SourcesDirectory)win32.h">
      <Filter>headers</Filter>
    </ClInclude>
    <ClInclude Include="$(SourcesDirectory)blocking_queue.h">
      <Filter>headers</Filter>
    </ClInclude>
    <ClInclude Include="$(SourcesDirectory)test.h">
      <Filter>headers</Filter>
    </ClInclude>
    <ClInclude Include="$(SourcesDirectory)udp_server.h">
      <Filter>headers</Filter>
    </ClInclude>
    <ClInclude Include="$(SourcesDirectory)critsec.h">
      <Filter>headers</Filter>
    </ClInclude>
    <ClInclude Include="$(SourcesDirectory)cthread.h">
      <Filter>headers</Filter>
    </ClInclude>
    <ClInclude Include="$(SourcesDirectory)lock_guard.h">
      <Filter>headers</Filter>
    </ClInclude>
  </ItemGroup>
  <ItemGroup>
    <Filter Include="src">
      <UniqueIdentifier>{c194587a-53ea-4b16-8301-7def144385b8}</UniqueIdentifier>
    </Filter>
    <Filter Include="headers">
      <UniqueIdentifier>{a22d15c5-c5df-47de-aaff-a9bfaf9fd707}</UniqueIdentifier>
    </Filter>
    <Filter Include="resources">
      <UniqueIdentifier>{951b25ff-df5f-4992-87a5-300fc946f4e2}</UniqueIdentifier>
    </Filter>
  </ItemGroup>
  <ItemGroup>
    <ResourceCompile Include="$(SourcesDirectory)resources.rc">
      <Filter>resources</Filter>
    </ResourceCompile>
  </ItemGroup>
</Project>